// !$*UTF8*$!
{
	archiveVersion = 1;
	classes = {
	};
	objectVersion = 50;
	objects = {

/* Begin PBXBuildFile section */
		3502C7C724E143E300A7CB82 /* AppDelegate.swift in Sources */ = {isa = PBXBuildFile; fileRef = 3502C7C624E143E300A7CB82 /* AppDelegate.swift */; };
		3502C7C924E143E300A7CB82 /* ContentView.swift in Sources */ = {isa = PBXBuildFile; fileRef = 3502C7C824E143E300A7CB82 /* ContentView.swift */; };
		3502C7CB24E143E900A7CB82 /* Assets.xcassets in Resources */ = {isa = PBXBuildFile; fileRef = 3502C7CA24E143E900A7CB82 /* Assets.xcassets */; };
		3502C7CE24E143E900A7CB82 /* Preview Assets.xcassets in Resources */ = {isa = PBXBuildFile; fileRef = 3502C7CD24E143E900A7CB82 /* Preview Assets.xcassets */; };
		3502C7D124E143E900A7CB82 /* Main.storyboard in Resources */ = {isa = PBXBuildFile; fileRef = 3502C7CF24E143E900A7CB82 /* Main.storyboard */; };
		3502C7DC24E1773300A7CB82 /* StandardExtensions.swift in Sources */ = {isa = PBXBuildFile; fileRef = 3502C7DB24E1773300A7CB82 /* StandardExtensions.swift */; };
		3502C7DE24E185D100A7CB82 /* AxeGraphView.swift in Sources */ = {isa = PBXBuildFile; fileRef = 3502C7DD24E185D100A7CB82 /* AxeGraphView.swift */; };
		3502C7E024E29E4400A7CB82 /* MeasurerInspector.swift in Sources */ = {isa = PBXBuildFile; fileRef = 3502C7DF24E29E4400A7CB82 /* MeasurerInspector.swift */; };
		3502C7E324E2C48E00A7CB82 /* SwiftUIExtensions.swift in Sources */ = {isa = PBXBuildFile; fileRef = 3502C7E224E2C48E00A7CB82 /* SwiftUIExtensions.swift */; };
/* End PBXBuildFile section */

/* Begin PBXFileReference section */
		3502C7C324E143E300A7CB82 /* DataMeasureInspector.app */ = {isa = PBXFileReference; explicitFileType = wrapper.application; includeInIndex = 0; path = DataMeasureInspector.app; sourceTree = BUILT_PRODUCTS_DIR; };
		3502C7C624E143E300A7CB82 /* AppDelegate.swift */ = {isa = PBXFileReference; lastKnownFileType = sourcecode.swift; path = AppDelegate.swift; sourceTree = "<group>"; };
		3502C7C824E143E300A7CB82 /* ContentView.swift */ = {isa = PBXFileReference; lastKnownFileType = sourcecode.swift; path = ContentView.swift; sourceTree = "<group>"; };
		3502C7CA24E143E900A7CB82 /* Assets.xcassets */ = {isa = PBXFileReference; lastKnownFileType = folder.assetcatalog; path = Assets.xcassets; sourceTree = "<group>"; };
		3502C7CD24E143E900A7CB82 /* Preview Assets.xcassets */ = {isa = PBXFileReference; lastKnownFileType = folder.assetcatalog; path = "Preview Assets.xcassets"; sourceTree = "<group>"; };
		3502C7D024E143E900A7CB82 /* Base */ = {isa = PBXFileReference; lastKnownFileType = file.storyboard; name = Base; path = Base.lproj/Main.storyboard; sourceTree = "<group>"; };
		3502C7D224E143E900A7CB82 /* Info.plist */ = {isa = PBXFileReference; lastKnownFileType = text.plist.xml; path = Info.plist; sourceTree = "<group>"; };
		3502C7D324E143E900A7CB82 /* DataMeasureInspector.entitlements */ = {isa = PBXFileReference; lastKnownFileType = text.plist.entitlements; path = DataMeasureInspector.entitlements; sourceTree = "<group>"; };
		3502C7DB24E1773300A7CB82 /* StandardExtensions.swift */ = {isa = PBXFileReference; lastKnownFileType = sourcecode.swift; path = StandardExtensions.swift; sourceTree = "<group>"; };
		3502C7DD24E185D100A7CB82 /* AxeGraphView.swift */ = {isa = PBXFileReference; lastKnownFileType = sourcecode.swift; path = AxeGraphView.swift; sourceTree = "<group>"; };
		3502C7DF24E29E4400A7CB82 /* MeasurerInspector.swift */ = {isa = PBXFileReference; lastKnownFileType = sourcecode.swift; path = MeasurerInspector.swift; sourceTree = "<group>"; };
		3502C7E224E2C48E00A7CB82 /* SwiftUIExtensions.swift */ = {isa = PBXFileReference; lastKnownFileType = sourcecode.swift; path = SwiftUIExtensions.swift; sourceTree = "<group>"; };
/* End PBXFileReference section */

/* Begin PBXFrameworksBuildPhase section */
		3502C7C024E143E300A7CB82 /* Frameworks */ = {
			isa = PBXFrameworksBuildPhase;
			buildActionMask = 2147483647;
			files = (
			);
			runOnlyForDeploymentPostprocessing = 0;
		};
/* End PBXFrameworksBuildPhase section */

/* Begin PBXGroup section */
		3502C7BA24E143E300A7CB82 = {
			isa = PBXGroup;
			children = (
				3502C7C524E143E300A7CB82 /* DataMeasureInspector */,
				3502C7C424E143E300A7CB82 /* Products */,
			);
			sourceTree = "<group>";
		};
		3502C7C424E143E300A7CB82 /* Products */ = {
			isa = PBXGroup;
			children = (
				3502C7C324E143E300A7CB82 /* DataMeasureInspector.app */,
			);
			name = Products;
			sourceTree = "<group>";
		};
		3502C7C524E143E300A7CB82 /* DataMeasureInspector */ = {
			isa = PBXGroup;
			children = (
				3502C7E124E2C48300A7CB82 /* Extensions */,
				3502C7C624E143E300A7CB82 /* AppDelegate.swift */,
				3502C7DF24E29E4400A7CB82 /* MeasurerInspector.swift */,
				3502C7C824E143E300A7CB82 /* ContentView.swift */,
				3502C7DD24E185D100A7CB82 /* AxeGraphView.swift */,
				3502C7CA24E143E900A7CB82 /* Assets.xcassets */,
				3502C7CF24E143E900A7CB82 /* Main.storyboard */,
				3502C7D224E143E900A7CB82 /* Info.plist */,
				3502C7D324E143E900A7CB82 /* DataMeasureInspector.entitlements */,
				3502C7CC24E143E900A7CB82 /* Preview Content */,
			);
			path = DataMeasureInspector;
			sourceTree = "<group>";
		};
		3502C7CC24E143E900A7CB82 /* Preview Content */ = {
			isa = PBXGroup;
			children = (
				3502C7CD24E143E900A7CB82 /* Preview Assets.xcassets */,
			);
			path = "Preview Content";
			sourceTree = "<group>";
		};
		3502C7E124E2C48300A7CB82 /* Extensions */ = {
			isa = PBXGroup;
			children = (
				3502C7DB24E1773300A7CB82 /* StandardExtensions.swift */,
				3502C7E224E2C48E00A7CB82 /* SwiftUIExtensions.swift */,
			);
			path = Extensions;
			sourceTree = "<group>";
		};
/* End PBXGroup section */

/* Begin PBXNativeTarget section */
		3502C7C224E143E300A7CB82 /* DataMeasureInspector */ = {
			isa = PBXNativeTarget;
			buildConfigurationList = 3502C7D624E143E900A7CB82 /* Build configuration list for PBXNativeTarget "DataMeasureInspector" */;
			buildPhases = (
				3502C7BF24E143E300A7CB82 /* Sources */,
				3502C7C024E143E300A7CB82 /* Frameworks */,
				3502C7C124E143E300A7CB82 /* Resources */,
			);
			buildRules = (
			);
			dependencies = (
			);
			name = DataMeasureInspector;
			productName = DataMeasureInspector;
			productReference = 3502C7C324E143E300A7CB82 /* DataMeasureInspector.app */;
			productType = "com.apple.product-type.application";
		};
/* End PBXNativeTarget section */

/* Begin PBXProject section */
		3502C7BB24E143E300A7CB82 /* Project object */ = {
			isa = PBXProject;
			attributes = {
				LastSwiftUpdateCheck = 1160;
				LastUpgradeCheck = 1160;
				ORGANIZATIONNAME = "Vistory Group";
				TargetAttributes = {
					3502C7C224E143E300A7CB82 = {
						CreatedOnToolsVersion = 11.6;
					};
				};
			};
			buildConfigurationList = 3502C7BE24E143E300A7CB82 /* Build configuration list for PBXProject "DataMeasureInspector" */;
			compatibilityVersion = "Xcode 9.3";
			developmentRegion = en;
			hasScannedForEncodings = 0;
			knownRegions = (
				en,
				Base,
			);
			mainGroup = 3502C7BA24E143E300A7CB82;
			productRefGroup = 3502C7C424E143E300A7CB82 /* Products */;
			projectDirPath = "";
			projectRoot = "";
			targets = (
				3502C7C224E143E300A7CB82 /* DataMeasureInspector */,
			);
		};
/* End PBXProject section */

/* Begin PBXResourcesBuildPhase section */
		3502C7C124E143E300A7CB82 /* Resources */ = {
			isa = PBXResourcesBuildPhase;
			buildActionMask = 2147483647;
			files = (
				3502C7D124E143E900A7CB82 /* Main.storyboard in Resources */,
				3502C7CE24E143E900A7CB82 /* Preview Assets.xcassets in Resources */,
				3502C7CB24E143E900A7CB82 /* Assets.xcassets in Resources */,
			);
			runOnlyForDeploymentPostprocessing = 0;
		};
/* End PBXResourcesBuildPhase section */

/* Begin PBXSourcesBuildPhase section */
		3502C7BF24E143E300A7CB82 /* Sources */ = {
			isa = PBXSourcesBuildPhase;
			buildActionMask = 2147483647;
			files = (
				3502C7DE24E185D100A7CB82 /* AxeGraphView.swift in Sources */,
				3502C7DC24E1773300A7CB82 /* StandardExtensions.swift in Sources */,
				3502C7E024E29E4400A7CB82 /* MeasurerInspector.swift in Sources */,
				3502C7E324E2C48E00A7CB82 /* SwiftUIExtensions.swift in Sources */,
				3502C7C924E143E300A7CB82 /* ContentView.swift in Sources */,
				3502C7C724E143E300A7CB82 /* AppDelegate.swift in Sources */,
			);
			runOnlyForDeploymentPostprocessing = 0;
		};
/* End PBXSourcesBuildPhase section */

/* Begin PBXVariantGroup section */
		3502C7CF24E143E900A7CB82 /* Main.storyboard */ = {
			isa = PBXVariantGroup;
			children = (
				3502C7D024E143E900A7CB82 /* Base */,
			);
			name = Main.storyboard;
			sourceTree = "<group>";
		};
/* End PBXVariantGroup section */

/* Begin XCBuildConfiguration section */
		3502C7D424E143E900A7CB82 /* Debug */ = {
			isa = XCBuildConfiguration;
			buildSettings = {
				ALWAYS_SEARCH_USER_PATHS = NO;
				CLANG_ANALYZER_NONNULL = YES;
				CLANG_ANALYZER_NUMBER_OBJECT_CONVERSION = YES_AGGRESSIVE;
				CLANG_CXX_LANGUAGE_STANDARD = "gnu++14";
				CLANG_CXX_LIBRARY = "libc++";
				CLANG_ENABLE_MODULES = YES;
				CLANG_ENABLE_OBJC_ARC = YES;
				CLANG_ENABLE_OBJC_WEAK = YES;
				CLANG_WARN_BLOCK_CAPTURE_AUTORELEASING = YES;
				CLANG_WARN_BOOL_CONVERSION = YES;
				CLANG_WARN_COMMA = YES;
				CLANG_WARN_CONSTANT_CONVERSION = YES;
				CLANG_WARN_DEPRECATED_OBJC_IMPLEMENTATIONS = YES;
				CLANG_WARN_DIRECT_OBJC_ISA_USAGE = YES_ERROR;
				CLANG_WARN_DOCUMENTATION_COMMENTS = YES;
				CLANG_WARN_EMPTY_BODY = YES;
				CLANG_WARN_ENUM_CONVERSION = YES;
				CLANG_WARN_INFINITE_RECURSION = YES;
				CLANG_WARN_INT_CONVERSION = YES;
				CLANG_WARN_NON_LITERAL_NULL_CONVERSION = YES;
				CLANG_WARN_OBJC_IMPLICIT_RETAIN_SELF = YES;
				CLANG_WARN_OBJC_LITERAL_CONVERSION = YES;
				CLANG_WARN_OBJC_ROOT_CLASS = YES_ERROR;
				CLANG_WARN_RANGE_LOOP_ANALYSIS = YES;
				CLANG_WARN_STRICT_PROTOTYPES = YES;
				CLANG_WARN_SUSPICIOUS_MOVE = YES;
				CLANG_WARN_UNGUARDED_AVAILABILITY = YES_AGGRESSIVE;
				CLANG_WARN_UNREACHABLE_CODE = YES;
				CLANG_WARN__DUPLICATE_METHOD_MATCH = YES;
				COPY_PHASE_STRIP = NO;
				DEBUG_INFORMATION_FORMAT = dwarf;
				ENABLE_STRICT_OBJC_MSGSEND = YES;
				ENABLE_TESTABILITY = YES;
				GCC_C_LANGUAGE_STANDARD = gnu11;
				GCC_DYNAMIC_NO_PIC = NO;
				GCC_NO_COMMON_BLOCKS = YES;
				GCC_OPTIMIZATION_LEVEL = 0;
				GCC_PREPROCESSOR_DEFINITIONS = (
					"DEBUG=1",
					"$(inherited)",
				);
				GCC_WARN_64_TO_32_BIT_CONVERSION = YES;
				GCC_WARN_ABOUT_RETURN_TYPE = YES_ERROR;
				GCC_WARN_UNDECLARED_SELECTOR = YES;
				GCC_WARN_UNINITIALIZED_AUTOS = YES_AGGRESSIVE;
				GCC_WARN_UNUSED_FUNCTION = YES;
				GCC_WARN_UNUSED_VARIABLE = YES;
				MACOSX_DEPLOYMENT_TARGET = 10.15;
				MTL_ENABLE_DEBUG_INFO = INCLUDE_SOURCE;
				MTL_FAST_MATH = YES;
				ONLY_ACTIVE_ARCH = YES;
				SDKROOT = macosx;
				SWIFT_ACTIVE_COMPILATION_CONDITIONS = DEBUG;
				SWIFT_OPTIMIZATION_LEVEL = "-Onone";
			};
			name = Debug;
		};
		3502C7D524E143E900A7CB82 /* Release */ = {
			isa = XCBuildConfiguration;
			buildSettings = {
				ALWAYS_SEARCH_USER_PATHS = NO;
				CLANG_ANALYZER_NONNULL = YES;
				CLANG_ANALYZER_NUMBER_OBJECT_CONVERSION = YES_AGGRESSIVE;
				CLANG_CXX_LANGUAGE_STANDARD = "gnu++14";
				CLANG_CXX_LIBRARY = "libc++";
				CLANG_ENABLE_MODULES = YES;
				CLANG_ENABLE_OBJC_ARC = YES;
				CLANG_ENABLE_OBJC_WEAK = YES;
				CLANG_WARN_BLOCK_CAPTURE_AUTORELEASING = YES;
				CLANG_WARN_BOOL_CONVERSION = YES;
				CLANG_WARN_COMMA = YES;
				CLANG_WARN_CONSTANT_CONVERSION = YES;
				CLANG_WARN_DEPRECATED_OBJC_IMPLEMENTATIONS = YES;
				CLANG_WARN_DIRECT_OBJC_ISA_USAGE = YES_ERROR;
				CLANG_WARN_DOCUMENTATION_COMMENTS = YES;
				CLANG_WARN_EMPTY_BODY = YES;
				CLANG_WARN_ENUM_CONVERSION = YES;
				CLANG_WARN_INFINITE_RECURSION = YES;
				CLANG_WARN_INT_CONVERSION = YES;
				CLANG_WARN_NON_LITERAL_NULL_CONVERSION = YES;
				CLANG_WARN_OBJC_IMPLICIT_RETAIN_SELF = YES;
				CLANG_WARN_OBJC_LITERAL_CONVERSION = YES;
				CLANG_WARN_OBJC_ROOT_CLASS = YES_ERROR;
				CLANG_WARN_RANGE_LOOP_ANALYSIS = YES;
				CLANG_WARN_STRICT_PROTOTYPES = YES;
				CLANG_WARN_SUSPICIOUS_MOVE = YES;
				CLANG_WARN_UNGUARDED_AVAILABILITY = YES_AGGRESSIVE;
				CLANG_WARN_UNREACHABLE_CODE = YES;
				CLANG_WARN__DUPLICATE_METHOD_MATCH = YES;
				COPY_PHASE_STRIP = NO;
				DEBUG_INFORMATION_FORMAT = "dwarf-with-dsym";
				ENABLE_NS_ASSERTIONS = NO;
				ENABLE_STRICT_OBJC_MSGSEND = YES;
				GCC_C_LANGUAGE_STANDARD = gnu11;
				GCC_NO_COMMON_BLOCKS = YES;
				GCC_WARN_64_TO_32_BIT_CONVERSION = YES;
				GCC_WARN_ABOUT_RETURN_TYPE = YES_ERROR;
				GCC_WARN_UNDECLARED_SELECTOR = YES;
				GCC_WARN_UNINITIALIZED_AUTOS = YES_AGGRESSIVE;
				GCC_WARN_UNUSED_FUNCTION = YES;
				GCC_WARN_UNUSED_VARIABLE = YES;
				MACOSX_DEPLOYMENT_TARGET = 10.15;
				MTL_ENABLE_DEBUG_INFO = NO;
				MTL_FAST_MATH = YES;
				SDKROOT = macosx;
				SWIFT_COMPILATION_MODE = wholemodule;
				SWIFT_OPTIMIZATION_LEVEL = "-O";
			};
			name = Release;
		};
		3502C7D724E143E900A7CB82 /* Debug */ = {
			isa = XCBuildConfiguration;
			buildSettings = {
				ASSETCATALOG_COMPILER_APPICON_NAME = AppIcon;
				CODE_SIGN_ENTITLEMENTS = DataMeasureInspector/DataMeasureInspector.entitlements;
				CODE_SIGN_STYLE = Automatic;
				COMBINE_HIDPI_IMAGES = YES;
				DEVELOPMENT_ASSET_PATHS = "\"DataMeasureInspector/Preview Content\"";
				DEVELOPMENT_TEAM = 948CGZVJWM;
				ENABLE_HARDENED_RUNTIME = YES;
				ENABLE_PREVIEWS = YES;
				INFOPLIST_FILE = DataMeasureInspector/Info.plist;
				LD_RUNPATH_SEARCH_PATHS = (
					"$(inherited)",
					"@executable_path/../Frameworks",
				);
				MACOSX_DEPLOYMENT_TARGET = 10.15;
				PRODUCT_BUNDLE_IDENTIFIER = fr.vistory.DataMeasureInspector;
				PRODUCT_NAME = "$(TARGET_NAME)";
				SWIFT_VERSION = 5.0;
			};
			name = Debug;
		};
		3502C7D824E143E900A7CB82 /* Release */ = {
			isa = XCBuildConfiguration;
			buildSettings = {
				ASSETCATALOG_COMPILER_APPICON_NAME = AppIcon;
				CODE_SIGN_ENTITLEMENTS = DataMeasureInspector/DataMeasureInspector.entitlements;
				CODE_SIGN_STYLE = Automatic;
				COMBINE_HIDPI_IMAGES = YES;
				DEVELOPMENT_ASSET_PATHS = "\"DataMeasureInspector/Preview Content\"";
				DEVELOPMENT_TEAM = 948CGZVJWM;
				ENABLE_HARDENED_RUNTIME = YES;
				ENABLE_PREVIEWS = YES;
				INFOPLIST_FILE = DataMeasureInspector/Info.plist;
				LD_RUNPATH_SEARCH_PATHS = (
					"$(inherited)",
					"@executable_path/../Frameworks",
				);
				MACOSX_DEPLOYMENT_TARGET = 10.15;
				PRODUCT_BUNDLE_IDENTIFIER = fr.vistory.DataMeasureInspector;
				PRODUCT_NAME = "$(TARGET_NAME)";
				SWIFT_VERSION = 5.0;
			};
			name = Release;
		};
/* End XCBuildConfiguration section */

/* Begin XCConfigurationList section */
		3502C7BE24E143E300A7CB82 /* Build configuration list for PBXProject "DataMeasureInspector" */ = {
			isa = XCConfigurationList;
			buildConfigurations = (
				3502C7D424E143E900A7CB82 /* Debug */,
				3502C7D524E143E900A7CB82 /* Release */,
			);
			defaultConfigurationIsVisible = 0;
			defaultConfigurationName = Release;
		};
		3502C7D624E143E900A7CB82 /* Build configuration list for PBXNativeTarget "DataMeasureInspector" */ = {
			isa = XCConfigurationList;
			buildConfigurations = (
				3502C7D724E143E900A7CB82 /* Debug */,
				3502C7D824E143E900A7CB82 /* Release */,
			);
			defaultConfigurationIsVisible = 0;
			defaultConfigurationName = Release;
		};
/* End XCConfigurationList section */
	};
	rootObject = 3502C7BB24E143E300A7CB82 /* Project object */;
}
